// !$*UTF8*$!
{
	archiveVersion = 1;
	classes = {
	};
	objectVersion = 50;
	objects = {

/* Begin PBXBuildFile section */
		6409860F2372B4C60073D2E0 /* CalculatorStateMachine.swift in Sources */ = {isa = PBXBuildFile; fileRef = 6409860E2372B4C60073D2E0 /* CalculatorStateMachine.swift */; };
		640986112372C5720073D2E0 /* CalculatorStateMachineTests.swift in Sources */ = {isa = PBXBuildFile; fileRef = 640986102372C5720073D2E0 /* CalculatorStateMachineTests.swift */; };
		640986132372D8DB0073D2E0 /* CopyableLabel.swift in Sources */ = {isa = PBXBuildFile; fileRef = 640986122372D8DB0073D2E0 /* CopyableLabel.swift */; };
		640986152373A8380073D2E0 /* ICalculator.swift in Sources */ = {isa = PBXBuildFile; fileRef = 640986142373A8380073D2E0 /* ICalculator.swift */; };
		640986172373A8B70073D2E0 /* ReverseSignStringExtension.swift in Sources */ = {isa = PBXBuildFile; fileRef = 640986162373A8B70073D2E0 /* ReverseSignStringExtension.swift */; };
		640986192373AA050073D2E0 /* StatefulCalculator.swift in Sources */ = {isa = PBXBuildFile; fileRef = 640986182373AA050073D2E0 /* StatefulCalculator.swift */; };
		6409861B2373AF500073D2E0 /* StatefulCalculatorTests.swift in Sources */ = {isa = PBXBuildFile; fileRef = 6409861A2373AF500073D2E0 /* StatefulCalculatorTests.swift */; };
		64DC2BD3237293C300084825 /* AppDelegate.swift in Sources */ = {isa = PBXBuildFile; fileRef = 64DC2BD2237293C300084825 /* AppDelegate.swift */; };
		64DC2BD7237293C300084825 /* CalculatorViewController.swift in Sources */ = {isa = PBXBuildFile; fileRef = 64DC2BD6237293C300084825 /* CalculatorViewController.swift */; };
		64DC2BDA237293C300084825 /* Main.storyboard in Resources */ = {isa = PBXBuildFile; fileRef = 64DC2BD8237293C300084825 /* Main.storyboard */; };
		64DC2BDC237293C400084825 /* Assets.xcassets in Resources */ = {isa = PBXBuildFile; fileRef = 64DC2BDB237293C400084825 /* Assets.xcassets */; };
		64DC2BDF237293C400084825 /* LaunchScreen.storyboard in Resources */ = {isa = PBXBuildFile; fileRef = 64DC2BDD237293C400084825 /* LaunchScreen.storyboard */; };
		64DC2BF5237293C500084825 /* CalculatorUITests.swift in Sources */ = {isa = PBXBuildFile; fileRef = 64DC2BF4237293C500084825 /* CalculatorUITests.swift */; };
		64DC2C0323729A2B00084825 /* RoundedButton.swift in Sources */ = {isa = PBXBuildFile; fileRef = 64DC2C0223729A2B00084825 /* RoundedButton.swift */; };
/* End PBXBuildFile section */

/* Begin PBXContainerItemProxy section */
		64DC2BE6237293C500084825 /* PBXContainerItemProxy */ = {
			isa = PBXContainerItemProxy;
			containerPortal = 64DC2BC7237293C300084825 /* Project object */;
			proxyType = 1;
			remoteGlobalIDString = 64DC2BCE237293C300084825;
			remoteInfo = Calculator;
		};
		64DC2BF1237293C500084825 /* PBXContainerItemProxy */ = {
			isa = PBXContainerItemProxy;
			containerPortal = 64DC2BC7237293C300084825 /* Project object */;
			proxyType = 1;
			remoteGlobalIDString = 64DC2BCE237293C300084825;
			remoteInfo = Calculator;
		};
/* End PBXContainerItemProxy section */

/* Begin PBXFileReference section */
		6409860E2372B4C60073D2E0 /* CalculatorStateMachine.swift */ = {isa = PBXFileReference; lastKnownFileType = sourcecode.swift; path = CalculatorStateMachine.swift; sourceTree = "<group>"; };
		640986102372C5720073D2E0 /* CalculatorStateMachineTests.swift */ = {isa = PBXFileReference; lastKnownFileType = sourcecode.swift; path = CalculatorStateMachineTests.swift; sourceTree = "<group>"; };
		640986122372D8DB0073D2E0 /* CopyableLabel.swift */ = {isa = PBXFileReference; lastKnownFileType = sourcecode.swift; path = CopyableLabel.swift; sourceTree = "<group>"; };
		640986142373A8380073D2E0 /* ICalculator.swift */ = {isa = PBXFileReference; lastKnownFileType = sourcecode.swift; path = ICalculator.swift; sourceTree = "<group>"; };
		640986162373A8B70073D2E0 /* ReverseSignStringExtension.swift */ = {isa = PBXFileReference; lastKnownFileType = sourcecode.swift; path = ReverseSignStringExtension.swift; sourceTree = "<group>"; };
		640986182373AA050073D2E0 /* StatefulCalculator.swift */ = {isa = PBXFileReference; lastKnownFileType = sourcecode.swift; path = StatefulCalculator.swift; sourceTree = "<group>"; };
		6409861A2373AF500073D2E0 /* StatefulCalculatorTests.swift */ = {isa = PBXFileReference; lastKnownFileType = sourcecode.swift; path = StatefulCalculatorTests.swift; sourceTree = "<group>"; };
		64DC2BCF237293C300084825 /* Calculator.app */ = {isa = PBXFileReference; explicitFileType = wrapper.application; includeInIndex = 0; path = Calculator.app; sourceTree = BUILT_PRODUCTS_DIR; };
		64DC2BD2237293C300084825 /* AppDelegate.swift */ = {isa = PBXFileReference; lastKnownFileType = sourcecode.swift; path = AppDelegate.swift; sourceTree = "<group>"; };
		64DC2BD6237293C300084825 /* CalculatorViewController.swift */ = {isa = PBXFileReference; lastKnownFileType = sourcecode.swift; path = CalculatorViewController.swift; sourceTree = "<group>"; };
		64DC2BD9237293C300084825 /* Base */ = {isa = PBXFileReference; lastKnownFileType = file.storyboard; name = Base; path = Base.lproj/Main.storyboard; sourceTree = "<group>"; };
		64DC2BDB237293C400084825 /* Assets.xcassets */ = {isa = PBXFileReference; lastKnownFileType = folder.assetcatalog; path = Assets.xcassets; sourceTree = "<group>"; };
		64DC2BDE237293C400084825 /* Base */ = {isa = PBXFileReference; lastKnownFileType = file.storyboard; name = Base; path = Base.lproj/LaunchScreen.storyboard; sourceTree = "<group>"; };
		64DC2BE0237293C400084825 /* Info.plist */ = {isa = PBXFileReference; lastKnownFileType = text.plist.xml; path = Info.plist; sourceTree = "<group>"; };
		64DC2BE5237293C500084825 /* CalculatorTests.xctest */ = {isa = PBXFileReference; explicitFileType = wrapper.cfbundle; includeInIndex = 0; path = CalculatorTests.xctest; sourceTree = BUILT_PRODUCTS_DIR; };
		64DC2BEB237293C500084825 /* Info.plist */ = {isa = PBXFileReference; lastKnownFileType = text.plist.xml; path = Info.plist; sourceTree = "<group>"; };
		64DC2BF0237293C500084825 /* CalculatorUITests.xctest */ = {isa = PBXFileReference; explicitFileType = wrapper.cfbundle; includeInIndex = 0; path = CalculatorUITests.xctest; sourceTree = BUILT_PRODUCTS_DIR; };
		64DC2BF4237293C500084825 /* CalculatorUITests.swift */ = {isa = PBXFileReference; lastKnownFileType = sourcecode.swift; path = CalculatorUITests.swift; sourceTree = "<group>"; };
		64DC2BF6237293C500084825 /* Info.plist */ = {isa = PBXFileReference; lastKnownFileType = text.plist.xml; path = Info.plist; sourceTree = "<group>"; };
		64DC2C0223729A2B00084825 /* RoundedButton.swift */ = {isa = PBXFileReference; lastKnownFileType = sourcecode.swift; path = RoundedButton.swift; sourceTree = "<group>"; };
/* End PBXFileReference section */

/* Begin PBXFrameworksBuildPhase section */
		64DC2BCC237293C300084825 /* Frameworks */ = {
			isa = PBXFrameworksBuildPhase;
			buildActionMask = 2147483647;
			files = (
			);
			runOnlyForDeploymentPostprocessing = 0;
		};
		64DC2BE2237293C500084825 /* Frameworks */ = {
			isa = PBXFrameworksBuildPhase;
			buildActionMask = 2147483647;
			files = (
			);
			runOnlyForDeploymentPostprocessing = 0;
		};
		64DC2BED237293C500084825 /* Frameworks */ = {
			isa = PBXFrameworksBuildPhase;
			buildActionMask = 2147483647;
			files = (
			);
			runOnlyForDeploymentPostprocessing = 0;
		};
/* End PBXFrameworksBuildPhase section */

/* Begin PBXGroup section */
		64DC2BC6237293C300084825 = {
			isa = PBXGroup;
			children = (
				64DC2BD1237293C300084825 /* Calculator */,
				64DC2BE8237293C500084825 /* CalculatorTests */,
				64DC2BF3237293C500084825 /* CalculatorUITests */,
				64DC2BD0237293C300084825 /* Products */,
			);
			sourceTree = "<group>";
		};
		64DC2BD0237293C300084825 /* Products */ = {
			isa = PBXGroup;
			children = (
				64DC2BCF237293C300084825 /* Calculator.app */,
				64DC2BE5237293C500084825 /* CalculatorTests.xctest */,
				64DC2BF0237293C500084825 /* CalculatorUITests.xctest */,
			);
			name = Products;
			sourceTree = "<group>";
		};
		64DC2BD1237293C300084825 /* Calculator */ = {
			isa = PBXGroup;
			children = (
				64DC2BD2237293C300084825 /* AppDelegate.swift */,
				64DC2BD6237293C300084825 /* CalculatorViewController.swift */,
				640986162373A8B70073D2E0 /* ReverseSignStringExtension.swift */,
				6409860E2372B4C60073D2E0 /* CalculatorStateMachine.swift */,
				640986182373AA050073D2E0 /* StatefulCalculator.swift */,
				640986142373A8380073D2E0 /* ICalculator.swift */,
				64DC2BD8237293C300084825 /* Main.storyboard */,
				64DC2BDB237293C400084825 /* Assets.xcassets */,
				64DC2BDD237293C400084825 /* LaunchScreen.storyboard */,
				64DC2BE0237293C400084825 /* Info.plist */,
				64DC2C0223729A2B00084825 /* RoundedButton.swift */,
				640986122372D8DB0073D2E0 /* CopyableLabel.swift */,
			);
			path = Calculator;
			sourceTree = "<group>";
		};
		64DC2BE8237293C500084825 /* CalculatorTests */ = {
			isa = PBXGroup;
			children = (
				64DC2BEB237293C500084825 /* Info.plist */,
				640986102372C5720073D2E0 /* CalculatorStateMachineTests.swift */,
				6409861A2373AF500073D2E0 /* StatefulCalculatorTests.swift */,
			);
			path = CalculatorTests;
			sourceTree = "<group>";
		};
		64DC2BF3237293C500084825 /* CalculatorUITests */ = {
			isa = PBXGroup;
			children = (
				64DC2BF4237293C500084825 /* CalculatorUITests.swift */,
				64DC2BF6237293C500084825 /* Info.plist */,
			);
			path = CalculatorUITests;
			sourceTree = "<group>";
		};
/* End PBXGroup section */

/* Begin PBXNativeTarget section */
		64DC2BCE237293C300084825 /* Calculator */ = {
			isa = PBXNativeTarget;
			buildConfigurationList = 64DC2BF9237293C500084825 /* Build configuration list for PBXNativeTarget "Calculator" */;
			buildPhases = (
				64DC2BCB237293C300084825 /* Sources */,
				64DC2BCC237293C300084825 /* Frameworks */,
				64DC2BCD237293C300084825 /* Resources */,
			);
			buildRules = (
			);
			dependencies = (
			);
			name = Calculator;
			productName = Calculator;
			productReference = 64DC2BCF237293C300084825 /* Calculator.app */;
			productType = "com.apple.product-type.application";
		};
		64DC2BE4237293C500084825 /* CalculatorTests */ = {
			isa = PBXNativeTarget;
			buildConfigurationList = 64DC2BFC237293C500084825 /* Build configuration list for PBXNativeTarget "CalculatorTests" */;
			buildPhases = (
				64DC2BE1237293C500084825 /* Sources */,
				64DC2BE2237293C500084825 /* Frameworks */,
				64DC2BE3237293C500084825 /* Resources */,
			);
			buildRules = (
			);
			dependencies = (
				64DC2BE7237293C500084825 /* PBXTargetDependency */,
			);
			name = CalculatorTests;
			productName = CalculatorTests;
			productReference = 64DC2BE5237293C500084825 /* CalculatorTests.xctest */;
			productType = "com.apple.product-type.bundle.unit-test";
		};
		64DC2BEF237293C500084825 /* CalculatorUITests */ = {
			isa = PBXNativeTarget;
			buildConfigurationList = 64DC2BFF237293C500084825 /* Build configuration list for PBXNativeTarget "CalculatorUITests" */;
			buildPhases = (
				64DC2BEC237293C500084825 /* Sources */,
				64DC2BED237293C500084825 /* Frameworks */,
				64DC2BEE237293C500084825 /* Resources */,
			);
			buildRules = (
			);
			dependencies = (
				64DC2BF2237293C500084825 /* PBXTargetDependency */,
			);
			name = CalculatorUITests;
			productName = CalculatorUITests;
			productReference = 64DC2BF0237293C500084825 /* CalculatorUITests.xctest */;
			productType = "com.apple.product-type.bundle.ui-testing";
		};
/* End PBXNativeTarget section */

/* Begin PBXProject section */
		64DC2BC7237293C300084825 /* Project object */ = {
			isa = PBXProject;
			attributes = {
				LastSwiftUpdateCheck = 1100;
				LastUpgradeCheck = 1100;
				ORGANIZATIONNAME = "Benjamin Frost";
				TargetAttributes = {
					64DC2BCE237293C300084825 = {
						CreatedOnToolsVersion = 11.0;
					};
					64DC2BE4237293C500084825 = {
						CreatedOnToolsVersion = 11.0;
						TestTargetID = 64DC2BCE237293C300084825;
					};
					64DC2BEF237293C500084825 = {
						CreatedOnToolsVersion = 11.0;
						TestTargetID = 64DC2BCE237293C300084825;
					};
				};
			};
			buildConfigurationList = 64DC2BCA237293C300084825 /* Build configuration list for PBXProject "Calculator" */;
			compatibilityVersion = "Xcode 9.3";
			developmentRegion = en;
			hasScannedForEncodings = 0;
			knownRegions = (
				en,
				Base,
			);
			mainGroup = 64DC2BC6237293C300084825;
			productRefGroup = 64DC2BD0237293C300084825 /* Products */;
			projectDirPath = "";
			projectRoot = "";
			targets = (
				64DC2BCE237293C300084825 /* Calculator */,
				64DC2BE4237293C500084825 /* CalculatorTests */,
				64DC2BEF237293C500084825 /* CalculatorUITests */,
			);
		};
/* End PBXProject section */

/* Begin PBXResourcesBuildPhase section */
		64DC2BCD237293C300084825 /* Resources */ = {
			isa = PBXResourcesBuildPhase;
			buildActionMask = 2147483647;
			files = (
				64DC2BDF237293C400084825 /* LaunchScreen.storyboard in Resources */,
				64DC2BDC237293C400084825 /* Assets.xcassets in Resources */,
				64DC2BDA237293C300084825 /* Main.storyboard in Resources */,
			);
			runOnlyForDeploymentPostprocessing = 0;
		};
		64DC2BE3237293C500084825 /* Resources */ = {
			isa = PBXResourcesBuildPhase;
			buildActionMask = 2147483647;
			files = (
			);
			runOnlyForDeploymentPostprocessing = 0;
		};
		64DC2BEE237293C500084825 /* Resources */ = {
			isa = PBXResourcesBuildPhase;
			buildActionMask = 2147483647;
			files = (
			);
			runOnlyForDeploymentPostprocessing = 0;
		};
/* End PBXResourcesBuildPhase section */

/* Begin PBXSourcesBuildPhase section */
		64DC2BCB237293C300084825 /* Sources */ = {
			isa = PBXSourcesBuildPhase;
			buildActionMask = 2147483647;
			files = (
				640986132372D8DB0073D2E0 /* CopyableLabel.swift in Sources */,
				640986172373A8B70073D2E0 /* ReverseSignStringExtension.swift in Sources */,
				64DC2BD7237293C300084825 /* CalculatorViewController.swift in Sources */,
				64DC2BD3237293C300084825 /* AppDelegate.swift in Sources */,
				6409860F2372B4C60073D2E0 /* CalculatorStateMachine.swift in Sources */,
				640986192373AA050073D2E0 /* StatefulCalculator.swift in Sources */,
				64DC2C0323729A2B00084825 /* RoundedButton.swift in Sources */,
				640986152373A8380073D2E0 /* ICalculator.swift in Sources */,
			);
			runOnlyForDeploymentPostprocessing = 0;
		};
		64DC2BE1237293C500084825 /* Sources */ = {
			isa = PBXSourcesBuildPhase;
			buildActionMask = 2147483647;
			files = (
				640986112372C5720073D2E0 /* CalculatorStateMachineTests.swift in Sources */,
				6409861B2373AF500073D2E0 /* StatefulCalculatorTests.swift in Sources */,
			);
			runOnlyForDeploymentPostprocessing = 0;
		};
		64DC2BEC237293C500084825 /* Sources */ = {
			isa = PBXSourcesBuildPhase;
			buildActionMask = 2147483647;
			files = (
				64DC2BF5237293C500084825 /* CalculatorUITests.swift in Sources */,
			);
			runOnlyForDeploymentPostprocessing = 0;
		};
/* End PBXSourcesBuildPhase section */

/* Begin PBXTargetDependency section */
		64DC2BE7237293C500084825 /* PBXTargetDependency */ = {
			isa = PBXTargetDependency;
			target = 64DC2BCE237293C300084825 /* Calculator */;
			targetProxy = 64DC2BE6237293C500084825 /* PBXContainerItemProxy */;
		};
		64DC2BF2237293C500084825 /* PBXTargetDependency */ = {
			isa = PBXTargetDependency;
			target = 64DC2BCE237293C300084825 /* Calculator */;
			targetProxy = 64DC2BF1237293C500084825 /* PBXContainerItemProxy */;
		};
/* End PBXTargetDependency section */

/* Begin PBXVariantGroup section */
		64DC2BD8237293C300084825 /* Main.storyboard */ = {
			isa = PBXVariantGroup;
			children = (
				64DC2BD9237293C300084825 /* Base */,
			);
			name = Main.storyboard;
			sourceTree = "<group>";
		};
		64DC2BDD237293C400084825 /* LaunchScreen.storyboard */ = {
			isa = PBXVariantGroup;
			children = (
				64DC2BDE237293C400084825 /* Base */,
			);
			name = LaunchScreen.storyboard;
			sourceTree = "<group>";
		};
/* End PBXVariantGroup section */

/* Begin XCBuildConfiguration section */
		64DC2BF7237293C500084825 /* Debug */ = {
			isa = XCBuildConfiguration;
			buildSettings = {
				ALWAYS_SEARCH_USER_PATHS = NO;
				CLANG_ANALYZER_NONNULL = YES;
				CLANG_ANALYZER_NUMBER_OBJECT_CONVERSION = YES_AGGRESSIVE;
				CLANG_CXX_LANGUAGE_STANDARD = "gnu++14";
				CLANG_CXX_LIBRARY = "libc++";
				CLANG_ENABLE_MODULES = YES;
				CLANG_ENABLE_OBJC_ARC = YES;
				CLANG_ENABLE_OBJC_WEAK = YES;
				CLANG_WARN_BLOCK_CAPTURE_AUTORELEASING = YES;
				CLANG_WARN_BOOL_CONVERSION = YES;
				CLANG_WARN_COMMA = YES;
				CLANG_WARN_CONSTANT_CONVERSION = YES;
				CLANG_WARN_DEPRECATED_OBJC_IMPLEMENTATIONS = YES;
				CLANG_WARN_DIRECT_OBJC_ISA_USAGE = YES_ERROR;
				CLANG_WARN_DOCUMENTATION_COMMENTS = YES;
				CLANG_WARN_EMPTY_BODY = YES;
				CLANG_WARN_ENUM_CONVERSION = YES;
				CLANG_WARN_INFINITE_RECURSION = YES;
				CLANG_WARN_INT_CONVERSION = YES;
				CLANG_WARN_NON_LITERAL_NULL_CONVERSION = YES;
				CLANG_WARN_OBJC_IMPLICIT_RETAIN_SELF = YES;
				CLANG_WARN_OBJC_LITERAL_CONVERSION = YES;
				CLANG_WARN_OBJC_ROOT_CLASS = YES_ERROR;
				CLANG_WARN_RANGE_LOOP_ANALYSIS = YES;
				CLANG_WARN_STRICT_PROTOTYPES = YES;
				CLANG_WARN_SUSPICIOUS_MOVE = YES;
				CLANG_WARN_UNGUARDED_AVAILABILITY = YES_AGGRESSIVE;
				CLANG_WARN_UNREACHABLE_CODE = YES;
				CLANG_WARN__DUPLICATE_METHOD_MATCH = YES;
				COPY_PHASE_STRIP = NO;
				DEBUG_INFORMATION_FORMAT = dwarf;
				ENABLE_STRICT_OBJC_MSGSEND = YES;
				ENABLE_TESTABILITY = YES;
				GCC_C_LANGUAGE_STANDARD = gnu11;
				GCC_DYNAMIC_NO_PIC = NO;
				GCC_NO_COMMON_BLOCKS = YES;
				GCC_OPTIMIZATION_LEVEL = 0;
				GCC_PREPROCESSOR_DEFINITIONS = (
					"DEBUG=1",
					"$(inherited)",
				);
				GCC_WARN_64_TO_32_BIT_CONVERSION = YES;
				GCC_WARN_ABOUT_RETURN_TYPE = YES_ERROR;
				GCC_WARN_UNDECLARED_SELECTOR = YES;
				GCC_WARN_UNINITIALIZED_AUTOS = YES_AGGRESSIVE;
				GCC_WARN_UNUSED_FUNCTION = YES;
				GCC_WARN_UNUSED_VARIABLE = YES;
				IPHONEOS_DEPLOYMENT_TARGET = 13.0;
				MTL_ENABLE_DEBUG_INFO = INCLUDE_SOURCE;
				MTL_FAST_MATH = YES;
				ONLY_ACTIVE_ARCH = YES;
				SDKROOT = iphoneos;
				SWIFT_ACTIVE_COMPILATION_CONDITIONS = DEBUG;
				SWIFT_OPTIMIZATION_LEVEL = "-Onone";
			};
			name = Debug;
		};
		64DC2BF8237293C500084825 /* Release */ = {
			isa = XCBuildConfiguration;
			buildSettings = {
				ALWAYS_SEARCH_USER_PATHS = NO;
				CLANG_ANALYZER_NONNULL = YES;
				CLANG_ANALYZER_NUMBER_OBJECT_CONVERSION = YES_AGGRESSIVE;
				CLANG_CXX_LANGUAGE_STANDARD = "gnu++14";
				CLANG_CXX_LIBRARY = "libc++";
				CLANG_ENABLE_MODULES = YES;
				CLANG_ENABLE_OBJC_ARC = YES;
				CLANG_ENABLE_OBJC_WEAK = YES;
				CLANG_WARN_BLOCK_CAPTURE_AUTORELEASING = YES;
				CLANG_WARN_BOOL_CONVERSION = YES;
				CLANG_WARN_COMMA = YES;
				CLANG_WARN_CONSTANT_CONVERSION = YES;
				CLANG_WARN_DEPRECATED_OBJC_IMPLEMENTATIONS = YES;
				CLANG_WARN_DIRECT_OBJC_ISA_USAGE = YES_ERROR;
				CLANG_WARN_DOCUMENTATION_COMMENTS = YES;
				CLANG_WARN_EMPTY_BODY = YES;
				CLANG_WARN_ENUM_CONVERSION = YES;
				CLANG_WARN_INFINITE_RECURSION = YES;
				CLANG_WARN_INT_CONVERSION = YES;
				CLANG_WARN_NON_LITERAL_NULL_CONVERSION = YES;
				CLANG_WARN_OBJC_IMPLICIT_RETAIN_SELF = YES;
				CLANG_WARN_OBJC_LITERAL_CONVERSION = YES;
				CLANG_WARN_OBJC_ROOT_CLASS = YES_ERROR;
				CLANG_WARN_RANGE_LOOP_ANALYSIS = YES;
				CLANG_WARN_STRICT_PROTOTYPES = YES;
				CLANG_WARN_SUSPICIOUS_MOVE = YES;
				CLANG_WARN_UNGUARDED_AVAILABILITY = YES_AGGRESSIVE;
				CLANG_WARN_UNREACHABLE_CODE = YES;
				CLANG_WARN__DUPLICATE_METHOD_MATCH = YES;
				COPY_PHASE_STRIP = NO;
				DEBUG_INFORMATION_FORMAT = "dwarf-with-dsym";
				ENABLE_NS_ASSERTIONS = NO;
				ENABLE_STRICT_OBJC_MSGSEND = YES;
				GCC_C_LANGUAGE_STANDARD = gnu11;
				GCC_NO_COMMON_BLOCKS = YES;
				GCC_WARN_64_TO_32_BIT_CONVERSION = YES;
				GCC_WARN_ABOUT_RETURN_TYPE = YES_ERROR;
				GCC_WARN_UNDECLARED_SELECTOR = YES;
				GCC_WARN_UNINITIALIZED_AUTOS = YES_AGGRESSIVE;
				GCC_WARN_UNUSED_FUNCTION = YES;
				GCC_WARN_UNUSED_VARIABLE = YES;
				IPHONEOS_DEPLOYMENT_TARGET = 13.0;
				MTL_ENABLE_DEBUG_INFO = NO;
				MTL_FAST_MATH = YES;
				SDKROOT = iphoneos;
				SWIFT_COMPILATION_MODE = wholemodule;
				SWIFT_OPTIMIZATION_LEVEL = "-O";
				VALIDATE_PRODUCT = YES;
			};
			name = Release;
		};
		64DC2BFA237293C500084825 /* Debug */ = {
			isa = XCBuildConfiguration;
			buildSettings = {
				ASSETCATALOG_COMPILER_APPICON_NAME = AppIcon;
				CODE_SIGN_STYLE = Automatic;
				DEVELOPMENT_TEAM = R7RTM529H4;
				INFOPLIST_FILE = Calculator/Info.plist;
				IPHONEOS_DEPLOYMENT_TARGET = 11.0;
				LD_RUNPATH_SEARCH_PATHS = (
					"$(inherited)",
					"@executable_path/Frameworks",
				);
				PRODUCT_BUNDLE_IDENTIFIER = jonathon.dollal.Calculator;
				PRODUCT_NAME = "$(TARGET_NAME)";
				SWIFT_VERSION = 5.0;
				TARGETED_DEVICE_FAMILY = "1,2";
			};
			name = Debug;
		};
		64DC2BFB237293C500084825 /* Release */ = {
			isa = XCBuildConfiguration;
			buildSettings = {
				ASSETCATALOG_COMPILER_APPICON_NAME = AppIcon;
				CODE_SIGN_STYLE = Automatic;
				DEVELOPMENT_TEAM = R7RTM529H4;
				INFOPLIST_FILE = Calculator/Info.plist;
				IPHONEOS_DEPLOYMENT_TARGET = 11.0;
				LD_RUNPATH_SEARCH_PATHS = (
					"$(inherited)",
					"@executable_path/Frameworks",
				);
				PRODUCT_BUNDLE_IDENTIFIER = jonathon.dollal.Calculator;
				PRODUCT_NAME = "$(TARGET_NAME)";
				SWIFT_VERSION = 5.0;
				TARGETED_DEVICE_FAMILY = "1,2";
			};
			name = Release;
		};
		64DC2BFD237293C500084825 /* Debug */ = {
			isa = XCBuildConfiguration;
			buildSettings = {
				ALWAYS_EMBED_SWIFT_STANDARD_LIBRARIES = YES;
				BUNDLE_LOADER = "$(TEST_HOST)";
				CODE_SIGN_STYLE = Automatic;
				DEVELOPMENT_TEAM = R7RTM529H4;
				INFOPLIST_FILE = CalculatorTests/Info.plist;
				IPHONEOS_DEPLOYMENT_TARGET = 13.0;
				LD_RUNPATH_SEARCH_PATHS = (
					"$(inherited)",
					"@executable_path/Frameworks",
					"@loader_path/Frameworks",
				);
				PRODUCT_BUNDLE_IDENTIFIER = jonathon.dollal.CalculatorTests;
				PRODUCT_NAME = "$(TARGET_NAME)";
				SWIFT_VERSION = 5.0;
				TARGETED_DEVICE_FAMILY = "1,2";
				TEST_HOST = "$(BUILT_PRODUCTS_DIR)/Calculator.app/Calculator";
			};
			name = Debug;
		};
		64DC2BFE237293C500084825 /* Release */ = {
			isa = XCBuildConfiguration;
			buildSettings = {
				ALWAYS_EMBED_SWIFT_STANDARD_LIBRARIES = YES;
				BUNDLE_LOADER = "$(TEST_HOST)";
				CODE_SIGN_STYLE = Automatic;
				DEVELOPMENT_TEAM = R7RTM529H4;
				INFOPLIST_FILE = CalculatorTests/Info.plist;
				IPHONEOS_DEPLOYMENT_TARGET = 13.0;
				LD_RUNPATH_SEARCH_PATHS = (
					"$(inherited)",
					"@executable_path/Frameworks",
					"@loader_path/Frameworks",
				);
				PRODUCT_BUNDLE_IDENTIFIER = jonathon.dollal.CalculatorTests;
				PRODUCT_NAME = "$(TARGET_NAME)";
				SWIFT_VERSION = 5.0;
				TARGETED_DEVICE_FAMILY = "1,2";
				TEST_HOST = "$(BUILT_PRODUCTS_DIR)/Calculator.app/Calculator";
			};
			name = Release;
		};
		64DC2C00237293C500084825 /* Debug */ = {
			isa = XCBuildConfiguration;
			buildSettings = {
				ALWAYS_EMBED_SWIFT_STANDARD_LIBRARIES = YES;
				CODE_SIGN_STYLE = Automatic;
				DEVELOPMENT_TEAM = R7RTM529H4;
				INFOPLIST_FILE = CalculatorUITests/Info.plist;
				LD_RUNPATH_SEARCH_PATHS = (
					"$(inherited)",
					"@executable_path/Frameworks",
					"@loader_path/Frameworks",
				);
				PRODUCT_BUNDLE_IDENTIFIER = jonathon.dollal.CalculatorUITests;
				PRODUCT_NAME = "$(TARGET_NAME)";
				SWIFT_VERSION = 5.0;
				TARGETED_DEVICE_FAMILY = "1,2";
				TEST_TARGET_NAME = Calculator;
			};
			name = Debug;
		};
		64DC2C01237293C500084825 /* Release */ = {
			isa = XCBuildConfiguration;
			buildSettings = {
				ALWAYS_EMBED_SWIFT_STANDARD_LIBRARIES = YES;
				CODE_SIGN_STYLE = Automatic;
				DEVELOPMENT_TEAM = R7RTM529H4;
				INFOPLIST_FILE = CalculatorUITests/Info.plist;
				LD_RUNPATH_SEARCH_PATHS = (
					"$(inherited)",
					"@executable_path/Frameworks",
					"@loader_path/Frameworks",
				);
				PRODUCT_BUNDLE_IDENTIFIER = jonathon.dollal.CalculatorUITests;
				PRODUCT_NAME = "$(TARGET_NAME)";
				SWIFT_VERSION = 5.0;
				TARGETED_DEVICE_FAMILY = "1,2";
				TEST_TARGET_NAME = Calculator;
			};
			name = Release;
		};
/* End XCBuildConfiguration section */

/* Begin XCConfigurationList section */
		64DC2BCA237293C300084825 /* Build configuration list for PBXProject "Calculator" */ = {
			isa = XCConfigurationList;
			buildConfigurations = (
				64DC2BF7237293C500084825 /* Debug */,
				64DC2BF8237293C500084825 /* Release */,
			);
			defaultConfigurationIsVisible = 0;
			defaultConfigurationName = Release;
		};
		64DC2BF9237293C500084825 /* Build configuration list for PBXNativeTarget "Calculator" */ = {
			isa = XCConfigurationList;
			buildConfigurations = (
				64DC2BFA237293C500084825 /* Debug */,
				64DC2BFB237293C500084825 /* Release */,
			);
			defaultConfigurationIsVisible = 0;
			defaultConfigurationName = Release;
		};
		64DC2BFC237293C500084825 /* Build configuration list for PBXNativeTarget "CalculatorTests" */ = {
			isa = XCConfigurationList;
			buildConfigurations = (
				64DC2BFD237293C500084825 /* Debug */,
				64DC2BFE237293C500084825 /* Release */,
			);
			defaultConfigurationIsVisible = 0;
			defaultConfigurationName = Release;
		};
		64DC2BFF237293C500084825 /* Build configuration list for PBXNativeTarget "CalculatorUITests" */ = {
			isa = XCConfigurationList;
			buildConfigurations = (
				64DC2C00237293C500084825 /* Debug */,
				64DC2C01237293C500084825 /* Release */,
			);
			defaultConfigurationIsVisible = 0;
			defaultConfigurationName = Release;
		};
/* End XCConfigurationList section */
	};
	rootObject = 64DC2BC7237293C300084825 /* Project object */;
}
